
Microsoft Visual Studio Solution File, Format Version 12.00
# Visual Studio Version 16
VisualStudioVersion = 16.0.30320.27
MinimumVisualStudioVersion = 10.0.40219.1
Project("{FAE04EC0-301F-11D3-BF4B-00C04F79EFBC}") = "unintellisense", "unintellisense\unintellisense.csproj", "{86256ABC-1F5D-450D-90E5-1F518C594EBB}"
EndProject
Global
	GlobalSection(SolutionConfigurationPlatforms) = preSolution
		Debug|Any CPU = Debug|Any CPU
		Release|Any CPU = Release|Any CPU
	EndGlobalSection
	GlobalSection(ProjectConfigurationPlatforms) = postSolution
		{86256ABC-1F5D-450D-90E5-1F518C594EBB}.Debug|Any CPU.ActiveCfg = Debug|Any CPU
		{86256ABC-1F5D-450D-90E5-1F518C594EBB}.Debug|Any CPU.Build.0 = Debug|Any CPU
		{86256ABC-1F5D-450D-90E5-1F518C594EBB}.Release|Any CPU.ActiveCfg = Release|Any CPU
		{86256ABC-1F5D-450D-90E5-1F518C594EBB}.Release|Any CPU.Build.0 = Release|Any CPU
	EndGlobalSection
	GlobalSection(SolutionProperties) = preSolution
		HideSolutionNode = FALSE
	EndGlobalSection
	GlobalSection(ExtensibilityGlobals) = postSolution
		SolutionGuid = {B5C8172D-1844-4171-ACBB-C097E8793D6B}
	EndGlobalSection
EndGlobal
